{
  "name": "calc-be",
  "lockfileVersion": 3,
  "requires": true,
  "packages": {
    "": {
      "devDependencies": {
        "@types/mathjax": "^0.0.40"
      }
    },
    "node_modules/@types/mathjax": {
      "version": "0.0.40",
      "resolved": "https://registry.npmjs.org/@types/mathjax/-/mathjax-0.0.40.tgz",
      "integrity": "sha512-rHusx08LCg92WJxrsM3SPjvLTSvK5C+gealtSuhKbEOcUZfWlwigaFoPLf6Dfxhg4oryN5qP9Sj7zOQ4HYXINw==",
      "dev": true,
      "license": "MIT"
    }
  }
}
